
Microsoft Visual Studio Solution File, Format Version 12.00
# Visual Studio Version 16
VisualStudioVersion = 16.0.32106.194
MinimumVisualStudioVersion = 10.0.40219.1
Project("{FAE04EC0-301F-11D3-BF4B-00C04F79EFBC}") = "SignalRChat", "SignalRChat\SignalRChat.csproj", "{CC17BC90-55BF-4CF4-B216-BCED7DE032D9}"
EndProject
Global
	GlobalSection(SolutionConfigurationPlatforms) = preSolution
		Debug|Any CPU = Debug|Any CPU
		Release|Any CPU = Release|Any CPU
	EndGlobalSection
	GlobalSection(ProjectConfigurationPlatforms) = postSolution
		{CC17BC90-55BF-4CF4-B216-BCED7DE032D9}.Debug|Any CPU.ActiveCfg = Debug|Any CPU
		{CC17BC90-55BF-4CF4-B216-BCED7DE032D9}.Debug|Any CPU.Build.0 = Debug|Any CPU
		{CC17BC90-55BF-4CF4-B216-BCED7DE032D9}.Release|Any CPU.ActiveCfg = Release|Any CPU
		{CC17BC90-55BF-4CF4-B216-BCED7DE032D9}.Release|Any CPU.Build.0 = Release|Any CPU
	EndGlobalSection
	GlobalSection(SolutionProperties) = preSolution
		HideSolutionNode = FALSE
	EndGlobalSection
	GlobalSection(ExtensibilityGlobals) = postSolution
		SolutionGuid = {CBBB0BDE-B3A2-4EA5-8234-9CDDD84C859A}
	EndGlobalSection
EndGlobal
